
Microsoft Visual Studio Solution File, Format Version 12.00
# Visual Studio Version 17
VisualStudioVersion = 17.3.32819.101
MinimumVisualStudioVersion = 10.0.40219.1
Project("{FAE04EC0-301F-11D3-BF4B-00C04F79EFBC}") = "taschenrechner", "taschenrechner\taschenrechner.csproj", "{6423287A-ED91-4472-8720-D5A4B685ABA7}"
EndProject
Global
	GlobalSection(SolutionConfigurationPlatforms) = preSolution
		Debug|Any CPU = Debug|Any CPU
		Release|Any CPU = Release|Any CPU
	EndGlobalSection
	GlobalSection(ProjectConfigurationPlatforms) = postSolution
		{6423287A-ED91-4472-8720-D5A4B685ABA7}.Debug|Any CPU.ActiveCfg = Debug|Any CPU
		{6423287A-ED91-4472-8720-D5A4B685ABA7}.Debug|Any CPU.Build.0 = Debug|Any CPU
		{6423287A-ED91-4472-8720-D5A4B685ABA7}.Release|Any CPU.ActiveCfg = Release|Any CPU
		{6423287A-ED91-4472-8720-D5A4B685ABA7}.Release|Any CPU.Build.0 = Release|Any CPU
	EndGlobalSection
	GlobalSection(SolutionProperties) = preSolution
		HideSolutionNode = FALSE
	EndGlobalSection
	GlobalSection(ExtensibilityGlobals) = postSolution
		SolutionGuid = {F746A903-712C-4E76-9736-A0D1E43D5861}
	EndGlobalSection
EndGlobal
